
Microsoft Visual Studio Solution File, Format Version 12.00
# Visual Studio Version 17
VisualStudioVersion = 17.5.002.0
MinimumVisualStudioVersion = 10.0.40219.1
Project("{9A19103F-16F7-4668-BE54-9A1E7A4F7556}") = "simple-arithmetic-Joseph-Meiste", "simple-arithmetic-Joseph-Meiste.csproj", "{9FAADC7A-3141-4BF3-8EB2-AFD4E4B79109}"
EndProject
Global
	GlobalSection(SolutionConfigurationPlatforms) = preSolution
		Debug|Any CPU = Debug|Any CPU
		Release|Any CPU = Release|Any CPU
	EndGlobalSection
	GlobalSection(ProjectConfigurationPlatforms) = postSolution
		{9FAADC7A-3141-4BF3-8EB2-AFD4E4B79109}.Debug|Any CPU.ActiveCfg = Debug|Any CPU
		{9FAADC7A-3141-4BF3-8EB2-AFD4E4B79109}.Debug|Any CPU.Build.0 = Debug|Any CPU
		{9FAADC7A-3141-4BF3-8EB2-AFD4E4B79109}.Release|Any CPU.ActiveCfg = Release|Any CPU
		{9FAADC7A-3141-4BF3-8EB2-AFD4E4B79109}.Release|Any CPU.Build.0 = Release|Any CPU
	EndGlobalSection
	GlobalSection(SolutionProperties) = preSolution
		HideSolutionNode = FALSE
	EndGlobalSection
	GlobalSection(ExtensibilityGlobals) = postSolution
		SolutionGuid = {25B613F6-3839-4F26-8958-03A6E29CE9BF}
	EndGlobalSection
EndGlobal
